
Microsoft Visual Studio Solution File, Format Version 12.00
# Visual Studio 15
VisualStudioVersion = 15.0.27703.2035
MinimumVisualStudioVersion = 10.0.40219.1
Project("{FAE04EC0-301F-11D3-BF4B-00C04F79EFBC}") = "DrawSubRegionPolyomino", "DrawSubRegionPolyomino\DrawSubRegionPolyomino.csproj", "{2E57B7EA-B4F5-478E-AB68-D1CFB5ED450D}"
EndProject
Global
	GlobalSection(SolutionConfigurationPlatforms) = preSolution
		Debug|Any CPU = Debug|Any CPU
		Release|Any CPU = Release|Any CPU
	EndGlobalSection
	GlobalSection(ProjectConfigurationPlatforms) = postSolution
		{2E57B7EA-B4F5-478E-AB68-D1CFB5ED450D}.Debug|Any CPU.ActiveCfg = Debug|Any CPU
		{2E57B7EA-B4F5-478E-AB68-D1CFB5ED450D}.Debug|Any CPU.Build.0 = Debug|Any CPU
		{2E57B7EA-B4F5-478E-AB68-D1CFB5ED450D}.Release|Any CPU.ActiveCfg = Release|Any CPU
		{2E57B7EA-B4F5-478E-AB68-D1CFB5ED450D}.Release|Any CPU.Build.0 = Release|Any CPU
	EndGlobalSection
	GlobalSection(SolutionProperties) = preSolution
		HideSolutionNode = FALSE
	EndGlobalSection
	GlobalSection(ExtensibilityGlobals) = postSolution
		SolutionGuid = {1E77DED6-E44D-44DB-B587-A7A44093605F}
	EndGlobalSection
EndGlobal
